// !$*UTF8*$!
{
	archiveVersion = 1;
	classes = {
	};
	objectVersion = 46;
	objects = {

/* Begin PBXBuildFile section */
		45B76B421DA8040C00664CAB /* AppDelegate.swift in Sources */ = {isa = PBXBuildFile; fileRef = 45B76B411DA8040C00664CAB /* AppDelegate.swift */; };
		45B76B441DA8040C00664CAB /* ViewController.swift in Sources */ = {isa = PBXBuildFile; fileRef = 45B76B431DA8040C00664CAB /* ViewController.swift */; };
		45B76B471DA8040C00664CAB /* Main.storyboard in Resources */ = {isa = PBXBuildFile; fileRef = 45B76B451DA8040C00664CAB /* Main.storyboard */; };
		45B76B491DA8040C00664CAB /* Assets.xcassets in Resources */ = {isa = PBXBuildFile; fileRef = 45B76B481DA8040C00664CAB /* Assets.xcassets */; };
		45B76B4C1DA8040C00664CAB /* LaunchScreen.storyboard in Resources */ = {isa = PBXBuildFile; fileRef = 45B76B4A1DA8040C00664CAB /* LaunchScreen.storyboard */; };
		45B76B541DA804AC00664CAB /* MWKNumberRowInputAccessory.framework in Frameworks */ = {isa = PBXBuildFile; fileRef = 45B76B531DA804AC00664CAB /* MWKNumberRowInputAccessory.framework */; };
		45B76B551DA804AC00664CAB /* MWKNumberRowInputAccessory.framework in Embed Frameworks */ = {isa = PBXBuildFile; fileRef = 45B76B531DA804AC00664CAB /* MWKNumberRowInputAccessory.framework */; settings = {ATTRIBUTES = (CodeSignOnCopy, RemoveHeadersOnCopy, ); }; };
/* End PBXBuildFile section */

/* Begin PBXCopyFilesBuildPhase section */
		45B76B561DA804AC00664CAB /* Embed Frameworks */ = {
			isa = PBXCopyFilesBuildPhase;
			buildActionMask = 2147483647;
			dstPath = "";
			dstSubfolderSpec = 10;
			files = (
				45B76B551DA804AC00664CAB /* MWKNumberRowInputAccessory.framework in Embed Frameworks */,
			);
			name = "Embed Frameworks";
			runOnlyForDeploymentPostprocessing = 0;
		};
/* End PBXCopyFilesBuildPhase section */

/* Begin PBXFileReference section */
		45B76B3E1DA8040C00664CAB /* NumberRowExampleSwift.app */ = {isa = PBXFileReference; explicitFileType = wrapper.application; includeInIndex = 0; path = NumberRowExampleSwift.app; sourceTree = BUILT_PRODUCTS_DIR; };
		45B76B411DA8040C00664CAB /* AppDelegate.swift */ = {isa = PBXFileReference; lastKnownFileType = sourcecode.swift; path = AppDelegate.swift; sourceTree = "<group>"; };
		45B76B431DA8040C00664CAB /* ViewController.swift */ = {isa = PBXFileReference; lastKnownFileType = sourcecode.swift; path = ViewController.swift; sourceTree = "<group>"; };
		45B76B461DA8040C00664CAB /* Base */ = {isa = PBXFileReference; lastKnownFileType = file.storyboard; name = Base; path = Base.lproj/Main.storyboard; sourceTree = "<group>"; };
		45B76B481DA8040C00664CAB /* Assets.xcassets */ = {isa = PBXFileReference; lastKnownFileType = folder.assetcatalog; path = Assets.xcassets; sourceTree = "<group>"; };
		45B76B4B1DA8040C00664CAB /* Base */ = {isa = PBXFileReference; lastKnownFileType = file.storyboard; name = Base; path = Base.lproj/LaunchScreen.storyboard; sourceTree = "<group>"; };
		45B76B4D1DA8040C00664CAB /* Info.plist */ = {isa = PBXFileReference; lastKnownFileType = text.plist.xml; path = Info.plist; sourceTree = "<group>"; };
		45B76B531DA804AC00664CAB /* MWKNumberRowInputAccessory.framework */ = {isa = PBXFileReference; explicitFileType = wrapper.framework; path = MWKNumberRowInputAccessory.framework; sourceTree = BUILT_PRODUCTS_DIR; };
/* End PBXFileReference section */

/* Begin PBXFrameworksBuildPhase section */
		45B76B3B1DA8040C00664CAB /* Frameworks */ = {
			isa = PBXFrameworksBuildPhase;
			buildActionMask = 2147483647;
			files = (
				45B76B541DA804AC00664CAB /* MWKNumberRowInputAccessory.framework in Frameworks */,
			);
			runOnlyForDeploymentPostprocessing = 0;
		};
/* End PBXFrameworksBuildPhase section */

/* Begin PBXGroup section */
		45B76B351DA8040C00664CAB = {
			isa = PBXGroup;
			children = (
				45B76B401DA8040C00664CAB /* NumberRowExampleSwift */,
				45B76B3F1DA8040C00664CAB /* Products */,
				45B76B531DA804AC00664CAB /* MWKNumberRowInputAccessory.framework */,
			);
			sourceTree = "<group>";
		};
		45B76B3F1DA8040C00664CAB /* Products */ = {
			isa = PBXGroup;
			children = (
				45B76B3E1DA8040C00664CAB /* NumberRowExampleSwift.app */,
			);
			name = Products;
			sourceTree = "<group>";
		};
		45B76B401DA8040C00664CAB /* NumberRowExampleSwift */ = {
			isa = PBXGroup;
			children = (
				45B76B411DA8040C00664CAB /* AppDelegate.swift */,
				45B76B431DA8040C00664CAB /* ViewController.swift */,
				45B76B451DA8040C00664CAB /* Main.storyboard */,
				45B76B481DA8040C00664CAB /* Assets.xcassets */,
				45B76B4A1DA8040C00664CAB /* LaunchScreen.storyboard */,
				45B76B4D1DA8040C00664CAB /* Info.plist */,
			);
			path = NumberRowExampleSwift;
			sourceTree = "<group>";
		};
/* End PBXGroup section */

/* Begin PBXNativeTarget section */
		45B76B3D1DA8040C00664CAB /* NumberRowExampleSwift */ = {
			isa = PBXNativeTarget;
			buildConfigurationList = 45B76B501DA8040C00664CAB /* Build configuration list for PBXNativeTarget "NumberRowExampleSwift" */;
			buildPhases = (
				45B76B3A1DA8040C00664CAB /* Sources */,
				45B76B3B1DA8040C00664CAB /* Frameworks */,
				45B76B3C1DA8040C00664CAB /* Resources */,
				45B76B561DA804AC00664CAB /* Embed Frameworks */,
			);
			buildRules = (
			);
			dependencies = (
			);
			name = NumberRowExampleSwift;
			productName = NumberRowExampleSwift;
			productReference = 45B76B3E1DA8040C00664CAB /* NumberRowExampleSwift.app */;
			productType = "com.apple.product-type.application";
		};
/* End PBXNativeTarget section */

/* Begin PBXProject section */
		45B76B361DA8040C00664CAB /* Project object */ = {
			isa = PBXProject;
			attributes = {
				LastSwiftUpdateCheck = 0800;
				LastUpgradeCheck = 0800;
				ORGANIZATIONNAME = "Mark Kirk";
				TargetAttributes = {
					45B76B3D1DA8040C00664CAB = {
						CreatedOnToolsVersion = 8.0;
						DevelopmentTeam = Q9BB4VG43L;
						ProvisioningStyle = Automatic;
					};
				};
			};
			buildConfigurationList = 45B76B391DA8040C00664CAB /* Build configuration list for PBXProject "NumberRowExampleSwift" */;
			compatibilityVersion = "Xcode 3.2";
			developmentRegion = English;
			hasScannedForEncodings = 0;
			knownRegions = (
				en,
				Base,
			);
			mainGroup = 45B76B351DA8040C00664CAB;
			productRefGroup = 45B76B3F1DA8040C00664CAB /* Products */;
			projectDirPath = "";
			projectRoot = "";
			targets = (
				45B76B3D1DA8040C00664CAB /* NumberRowExampleSwift */,
			);
		};
/* End PBXProject section */

/* Begin PBXResourcesBuildPhase section */
		45B76B3C1DA8040C00664CAB /* Resources */ = {
			isa = PBXResourcesBuildPhase;
			buildActionMask = 2147483647;
			files = (
				45B76B4C1DA8040C00664CAB /* LaunchScreen.storyboard in Resources */,
				45B76B491DA8040C00664CAB /* Assets.xcassets in Resources */,
				45B76B471DA8040C00664CAB /* Main.storyboard in Resources */,
			);
			runOnlyForDeploymentPostprocessing = 0;
		};
/* End PBXResourcesBuildPhase section */

/* Begin PBXSourcesBuildPhase section */
		45B76B3A1DA8040C00664CAB /* Sources */ = {
			isa = PBXSourcesBuildPhase;
			buildActionMask = 2147483647;
			files = (
				45B76B441DA8040C00664CAB /* ViewController.swift in Sources */,
				45B76B421DA8040C00664CAB /* AppDelegate.swift in Sources */,
			);
			runOnlyForDeploymentPostprocessing = 0;
		};
/* End PBXSourcesBuildPhase section */

/* Begin PBXVariantGroup section */
		45B76B451DA8040C00664CAB /* Main.storyboard */ = {
			isa = PBXVariantGroup;
			children = (
				45B76B461DA8040C00664CAB /* Base */,
			);
			name = Main.storyboard;
			sourceTree = "<group>";
		};
		45B76B4A1DA8040C00664CAB /* LaunchScreen.storyboard */ = {
			isa = PBXVariantGroup;
			children = (
				45B76B4B1DA8040C00664CAB /* Base */,
			);
			name = LaunchScreen.storyboard;
			sourceTree = "<group>";
		};
/* End PBXVariantGroup section */

/* Begin XCBuildConfiguration section */
		45B76B4E1DA8040C00664CAB /* Debug */ = {
			isa = XCBuildConfiguration;
			buildSettings = {
				ALWAYS_SEARCH_USER_PATHS = NO;
				CLANG_ANALYZER_NONNULL = YES;
				CLANG_CXX_LANGUAGE_STANDARD = "gnu++0x";
				CLANG_CXX_LIBRARY = "libc++";
				CLANG_ENABLE_MODULES = YES;
				CLANG_ENABLE_OBJC_ARC = YES;
				CLANG_WARN_BOOL_CONVERSION = YES;
				CLANG_WARN_CONSTANT_CONVERSION = YES;
				CLANG_WARN_DIRECT_OBJC_ISA_USAGE = YES_ERROR;
				CLANG_WARN_DOCUMENTATION_COMMENTS = YES;
				CLANG_WARN_EMPTY_BODY = YES;
				CLANG_WARN_ENUM_CONVERSION = YES;
				CLANG_WARN_INFINITE_RECURSION = YES;
				CLANG_WARN_INT_CONVERSION = YES;
				CLANG_WARN_OBJC_ROOT_CLASS = YES_ERROR;
				CLANG_WARN_SUSPICIOUS_MOVES = YES;
				CLANG_WARN_UNREACHABLE_CODE = YES;
				CLANG_WARN__DUPLICATE_METHOD_MATCH = YES;
				"CODE_SIGN_IDENTITY[sdk=iphoneos*]" = "iPhone Developer";
				COPY_PHASE_STRIP = NO;
				DEBUG_INFORMATION_FORMAT = dwarf;
				ENABLE_STRICT_OBJC_MSGSEND = YES;
				ENABLE_TESTABILITY = YES;
				GCC_C_LANGUAGE_STANDARD = gnu99;
				GCC_DYNAMIC_NO_PIC = NO;
				GCC_NO_COMMON_BLOCKS = YES;
				GCC_OPTIMIZATION_LEVEL = 0;
				GCC_PREPROCESSOR_DEFINITIONS = (
					"DEBUG=1",
					"$(inherited)",
				);
				GCC_WARN_64_TO_32_BIT_CONVERSION = YES;
				GCC_WARN_ABOUT_RETURN_TYPE = YES_ERROR;
				GCC_WARN_UNDECLARED_SELECTOR = YES;
				GCC_WARN_UNINITIALIZED_AUTOS = YES_AGGRESSIVE;
				GCC_WARN_UNUSED_FUNCTION = YES;
				GCC_WARN_UNUSED_VARIABLE = YES;
				IPHONEOS_DEPLOYMENT_TARGET = 10.0;
				MTL_ENABLE_DEBUG_INFO = YES;
				ONLY_ACTIVE_ARCH = YES;
				SDKROOT = iphoneos;
				SWIFT_ACTIVE_COMPILATION_CONDITIONS = DEBUG;
				SWIFT_OPTIMIZATION_LEVEL = "-Onone";
			};
			name = Debug;
		};
		45B76B4F1DA8040C00664CAB /* Release */ = {
			isa = XCBuildConfiguration;
			buildSettings = {
				ALWAYS_SEARCH_USER_PATHS = NO;
				CLANG_ANALYZER_NONNULL = YES;
				CLANG_CXX_LANGUAGE_STANDARD = "gnu++0x";
				CLANG_CXX_LIBRARY = "libc++";
				CLANG_ENABLE_MODULES = YES;
				CLANG_ENABLE_OBJC_ARC = YES;
				CLANG_WARN_BOOL_CONVERSION = YES;
				CLANG_WARN_CONSTANT_CONVERSION = YES;
				CLANG_WARN_DIRECT_OBJC_ISA_USAGE = YES_ERROR;
				CLANG_WARN_DOCUMENTATION_COMMENTS = YES;
				CLANG_WARN_EMPTY_BODY = YES;
				CLANG_WARN_ENUM_CONVERSION = YES;
				CLANG_WARN_INFINITE_RECURSION = YES;
				CLANG_WARN_INT_CONVERSION = YES;
				CLANG_WARN_OBJC_ROOT_CLASS = YES_ERROR;
				CLANG_WARN_SUSPICIOUS_MOVES = YES;
				CLANG_WARN_UNREACHABLE_CODE = YES;
				CLANG_WARN__DUPLICATE_METHOD_MATCH = YES;
				"CODE_SIGN_IDENTITY[sdk=iphoneos*]" = "iPhone Developer";
				COPY_PHASE_STRIP = NO;
				DEBUG_INFORMATION_FORMAT = "dwarf-with-dsym";
				ENABLE_NS_ASSERTIONS = NO;
				ENABLE_STRICT_OBJC_MSGSEND = YES;
				GCC_C_LANGUAGE_STANDARD = gnu99;
				GCC_NO_COMMON_BLOCKS = YES;
				GCC_WARN_64_TO_32_BIT_CONVERSION = YES;
				GCC_WARN_ABOUT_RETURN_TYPE = YES_ERROR;
				GCC_WARN_UNDECLARED_SELECTOR = YES;
				GCC_WARN_UNINITIALIZED_AUTOS = YES_AGGRESSIVE;
				GCC_WARN_UNUSED_FUNCTION = YES;
				GCC_WARN_UNUSED_VARIABLE = YES;
				IPHONEOS_DEPLOYMENT_TARGET = 10.0;
				MTL_ENABLE_DEBUG_INFO = NO;
				SDKROOT = iphoneos;
				SWIFT_OPTIMIZATION_LEVEL = "-Owholemodule";
				VALIDATE_PRODUCT = YES;
			};
			name = Release;
		};
		45B76B511DA8040C00664CAB /* Debug */ = {
			isa = XCBuildConfiguration;
			buildSettings = {
				ASSETCATALOG_COMPILER_APPICON_NAME = AppIcon;
				DEVELOPMENT_TEAM = Q9BB4VG43L;
				INFOPLIST_FILE = NumberRowExampleSwift/Info.plist;
				LD_RUNPATH_SEARCH_PATHS = "$(inherited) @executable_path/Frameworks";
				PRODUCT_BUNDLE_IDENTIFIER = com.markwkirk.NumberRowExampleSwift;
				PRODUCT_NAME = "$(TARGET_NAME)";
				SWIFT_VERSION = 3.0;
			};
			name = Debug;
		};
		45B76B521DA8040C00664CAB /* Release */ = {
			isa = XCBuildConfiguration;
			buildSettings = {
				ASSETCATALOG_COMPILER_APPICON_NAME = AppIcon;
				DEVELOPMENT_TEAM = Q9BB4VG43L;
				INFOPLIST_FILE = NumberRowExampleSwift/Info.plist;
				LD_RUNPATH_SEARCH_PATHS = "$(inherited) @executable_path/Frameworks";
				PRODUCT_BUNDLE_IDENTIFIER = com.markwkirk.NumberRowExampleSwift;
				PRODUCT_NAME = "$(TARGET_NAME)";
				SWIFT_VERSION = 3.0;
			};
			name = Release;
		};
/* End XCBuildConfiguration section */

/* Begin XCConfigurationList section */
		45B76B391DA8040C00664CAB /* Build configuration list for PBXProject "NumberRowExampleSwift" */ = {
			isa = XCConfigurationList;
			buildConfigurations = (
				45B76B4E1DA8040C00664CAB /* Debug */,
				45B76B4F1DA8040C00664CAB /* Release */,
			);
			defaultConfigurationIsVisible = 0;
			defaultConfigurationName = Release;
		};
		45B76B501DA8040C00664CAB /* Build configuration list for PBXNativeTarget "NumberRowExampleSwift" */ = {
			isa = XCConfigurationList;
			buildConfigurations = (
				45B76B511DA8040C00664CAB /* Debug */,
				45B76B521DA8040C00664CAB /* Release */,
			);
			defaultConfigurationIsVisible = 0;
		};
/* End XCConfigurationList section */
	};
	rootObject = 45B76B361DA8040C00664CAB /* Project object */;
}
